
Microsoft Visual Studio Solution File, Format Version 12.00
# Visual Studio 15
VisualStudioVersion = 15.0.28307.645
MinimumVisualStudioVersion = 10.0.40219.1
Project("{9A19103F-16F7-4668-BE54-9A1E7A4F7556}") = "BikeInterop", "BikeInterop.csproj", "{976D84F5-93C9-42F3-BB92-A58D09A4F266}"
EndProject
Project("{2150E333-8FDC-42A3-9474-1A3956D46DE8}") = "Solution Items", "Solution Items", "{174570FB-32BA-4A63-A450-576648B47797}"
	ProjectSection(SolutionItems) = preProject
		..\..\.editorconfig = ..\..\.editorconfig
		..\..\.gitignore = ..\..\.gitignore
		..\..\README.md = ..\..\README.md
	EndProjectSection
EndProject
Global
	GlobalSection(SolutionConfigurationPlatforms) = preSolution
		Debug|Any CPU = Debug|Any CPU
		Release|Any CPU = Release|Any CPU
	EndGlobalSection
	GlobalSection(ProjectConfigurationPlatforms) = postSolution
		{976D84F5-93C9-42F3-BB92-A58D09A4F266}.Debug|Any CPU.ActiveCfg = Debug|Any CPU
		{976D84F5-93C9-42F3-BB92-A58D09A4F266}.Debug|Any CPU.Build.0 = Debug|Any CPU
		{976D84F5-93C9-42F3-BB92-A58D09A4F266}.Release|Any CPU.ActiveCfg = Release|Any CPU
		{976D84F5-93C9-42F3-BB92-A58D09A4F266}.Release|Any CPU.Build.0 = Release|Any CPU
	EndGlobalSection
	GlobalSection(SolutionProperties) = preSolution
		HideSolutionNode = FALSE
	EndGlobalSection
	GlobalSection(ExtensibilityGlobals) = postSolution
		SolutionGuid = {7DCE386E-3FFC-4A9F-AAB3-E006C9567CB0}
	EndGlobalSection
EndGlobal
